
Microsoft Visual Studio Solution File, Format Version 12.00
# Visual Studio Version 16
VisualStudioVersion = 16.0.31321.278
MinimumVisualStudioVersion = 10.0.40219.1
Project("{FAE04EC0-301F-11D3-BF4B-00C04F79EFBC}") = "CSEnumeratorEnumerable", "CSEnumeratorEnumerable\CSEnumeratorEnumerable.csproj", "{9EDD836C-8DD1-4852-922E-FED4F0794E1C}"
EndProject
Global
	GlobalSection(SolutionConfigurationPlatforms) = preSolution
		Debug|Any CPU = Debug|Any CPU
		Release|Any CPU = Release|Any CPU
	EndGlobalSection
	GlobalSection(ProjectConfigurationPlatforms) = postSolution
		{9EDD836C-8DD1-4852-922E-FED4F0794E1C}.Debug|Any CPU.ActiveCfg = Debug|Any CPU
		{9EDD836C-8DD1-4852-922E-FED4F0794E1C}.Debug|Any CPU.Build.0 = Debug|Any CPU
		{9EDD836C-8DD1-4852-922E-FED4F0794E1C}.Release|Any CPU.ActiveCfg = Release|Any CPU
		{9EDD836C-8DD1-4852-922E-FED4F0794E1C}.Release|Any CPU.Build.0 = Release|Any CPU
	EndGlobalSection
	GlobalSection(SolutionProperties) = preSolution
		HideSolutionNode = FALSE
	EndGlobalSection
	GlobalSection(ExtensibilityGlobals) = postSolution
		SolutionGuid = {9DB72CAA-D0F1-4A92-9BD9-F4930108A873}
	EndGlobalSection
EndGlobal
